
Microsoft Visual Studio Solution File, Format Version 12.00
# Visual Studio Version 17
VisualStudioVersion = 17.5.33502.453
MinimumVisualStudioVersion = 10.0.40219.1
Project("{FAE04EC0-301F-11D3-BF4B-00C04F79EFBC}") = "HostelManagement", "HostelManagement.csproj", "{30084D98-638F-4D44-9EC0-C94E9884F814}"
EndProject
Global
	GlobalSection(SolutionConfigurationPlatforms) = preSolution
		Debug|Any CPU = Debug|Any CPU
		Release|Any CPU = Release|Any CPU
	EndGlobalSection
	GlobalSection(ProjectConfigurationPlatforms) = postSolution
		{30084D98-638F-4D44-9EC0-C94E9884F814}.Debug|Any CPU.ActiveCfg = Debug|Any CPU
		{30084D98-638F-4D44-9EC0-C94E9884F814}.Debug|Any CPU.Build.0 = Debug|Any CPU
		{30084D98-638F-4D44-9EC0-C94E9884F814}.Release|Any CPU.ActiveCfg = Release|Any CPU
		{30084D98-638F-4D44-9EC0-C94E9884F814}.Release|Any CPU.Build.0 = Release|Any CPU
	EndGlobalSection
	GlobalSection(SolutionProperties) = preSolution
		HideSolutionNode = FALSE
	EndGlobalSection
	GlobalSection(ExtensibilityGlobals) = postSolution
		SolutionGuid = {F69AC8FC-E0A8-4A42-B7E7-C7ECBCFCB5C2}
	EndGlobalSection
EndGlobal
